// !$*UTF8*$!
{
	archiveVersion = 1;
	classes = {
	};
	objectVersion = 56;
	objects = {

/* Begin PBXBuildFile section */
		378EB95D29646A4400E35DDA /* FetchApiApp.swift in Sources */ = {isa = PBXBuildFile; fileRef = 378EB95C29646A4400E35DDA /* FetchApiApp.swift */; };
		378EB95F29646A4400E35DDA /* ContentView.swift in Sources */ = {isa = PBXBuildFile; fileRef = 378EB95E29646A4400E35DDA /* ContentView.swift */; };
		378EB96129646A4500E35DDA /* Assets.xcassets in Resources */ = {isa = PBXBuildFile; fileRef = 378EB96029646A4500E35DDA /* Assets.xcassets */; };
		378EB96429646A4500E35DDA /* Preview Assets.xcassets in Resources */ = {isa = PBXBuildFile; fileRef = 378EB96329646A4500E35DDA /* Preview Assets.xcassets */; };
		378EB96E29646AD700E35DDA /* PhotoModel.swift in Sources */ = {isa = PBXBuildFile; fileRef = 378EB96D29646AD700E35DDA /* PhotoModel.swift */; };
		378EB97029646BF700E35DDA /* PhotoViewModel.swift in Sources */ = {isa = PBXBuildFile; fileRef = 378EB96F29646BF700E35DDA /* PhotoViewModel.swift */; };
		378EB9742964730300E35DDA /* AlbumDetailsView.swift in Sources */ = {isa = PBXBuildFile; fileRef = 378EB9732964730300E35DDA /* AlbumDetailsView.swift */; };
/* End PBXBuildFile section */

/* Begin PBXFileReference section */
		378EB95929646A4400E35DDA /* FetchApi.app */ = {isa = PBXFileReference; explicitFileType = wrapper.application; includeInIndex = 0; path = FetchApi.app; sourceTree = BUILT_PRODUCTS_DIR; };
		378EB95C29646A4400E35DDA /* FetchApiApp.swift */ = {isa = PBXFileReference; lastKnownFileType = sourcecode.swift; path = FetchApiApp.swift; sourceTree = "<group>"; };
		378EB95E29646A4400E35DDA /* ContentView.swift */ = {isa = PBXFileReference; lastKnownFileType = sourcecode.swift; path = ContentView.swift; sourceTree = "<group>"; };
		378EB96029646A4500E35DDA /* Assets.xcassets */ = {isa = PBXFileReference; lastKnownFileType = folder.assetcatalog; path = Assets.xcassets; sourceTree = "<group>"; };
		378EB96329646A4500E35DDA /* Preview Assets.xcassets */ = {isa = PBXFileReference; lastKnownFileType = folder.assetcatalog; path = "Preview Assets.xcassets"; sourceTree = "<group>"; };
		378EB96D29646AD700E35DDA /* PhotoModel.swift */ = {isa = PBXFileReference; lastKnownFileType = sourcecode.swift; path = PhotoModel.swift; sourceTree = "<group>"; };
		378EB96F29646BF700E35DDA /* PhotoViewModel.swift */ = {isa = PBXFileReference; lastKnownFileType = sourcecode.swift; path = PhotoViewModel.swift; sourceTree = "<group>"; };
		378EB9732964730300E35DDA /* AlbumDetailsView.swift */ = {isa = PBXFileReference; lastKnownFileType = sourcecode.swift; path = AlbumDetailsView.swift; sourceTree = "<group>"; };
/* End PBXFileReference section */

/* Begin PBXFrameworksBuildPhase section */
		378EB95629646A4400E35DDA /* Frameworks */ = {
			isa = PBXFrameworksBuildPhase;
			buildActionMask = 2147483647;
			files = (
			);
			runOnlyForDeploymentPostprocessing = 0;
		};
/* End PBXFrameworksBuildPhase section */

/* Begin PBXGroup section */
		378EB95029646A4400E35DDA = {
			isa = PBXGroup;
			children = (
				378EB95B29646A4400E35DDA /* FetchApi */,
				378EB95A29646A4400E35DDA /* Products */,
			);
			sourceTree = "<group>";
		};
		378EB95A29646A4400E35DDA /* Products */ = {
			isa = PBXGroup;
			children = (
				378EB95929646A4400E35DDA /* FetchApi.app */,
			);
			name = Products;
			sourceTree = "<group>";
		};
		378EB95B29646A4400E35DDA /* FetchApi */ = {
			isa = PBXGroup;
			children = (
				378EB95C29646A4400E35DDA /* FetchApiApp.swift */,
				378EB96A29646A5A00E35DDA /* Model */,
				378EB96B29646A6200E35DDA /* View */,
				378EB96C29646A6F00E35DDA /* ViewModel */,
				378EB96029646A4500E35DDA /* Assets.xcassets */,
				378EB96229646A4500E35DDA /* Preview Content */,
			);
			path = FetchApi;
			sourceTree = "<group>";
		};
		378EB96229646A4500E35DDA /* Preview Content */ = {
			isa = PBXGroup;
			children = (
				378EB96329646A4500E35DDA /* Preview Assets.xcassets */,
			);
			path = "Preview Content";
			sourceTree = "<group>";
		};
		378EB96A29646A5A00E35DDA /* Model */ = {
			isa = PBXGroup;
			children = (
				378EB96D29646AD700E35DDA /* PhotoModel.swift */,
			);
			path = Model;
			sourceTree = "<group>";
		};
		378EB96B29646A6200E35DDA /* View */ = {
			isa = PBXGroup;
			children = (
				378EB95E29646A4400E35DDA /* ContentView.swift */,
				378EB9732964730300E35DDA /* AlbumDetailsView.swift */,
			);
			path = View;
			sourceTree = "<group>";
		};
		378EB96C29646A6F00E35DDA /* ViewModel */ = {
			isa = PBXGroup;
			children = (
				378EB96F29646BF700E35DDA /* PhotoViewModel.swift */,
			);
			path = ViewModel;
			sourceTree = "<group>";
		};
/* End PBXGroup section */

/* Begin PBXNativeTarget section */
		378EB95829646A4400E35DDA /* FetchApi */ = {
			isa = PBXNativeTarget;
			buildConfigurationList = 378EB96729646A4500E35DDA /* Build configuration list for PBXNativeTarget "FetchApi" */;
			buildPhases = (
				378EB95529646A4400E35DDA /* Sources */,
				378EB95629646A4400E35DDA /* Frameworks */,
				378EB95729646A4400E35DDA /* Resources */,
			);
			buildRules = (
			);
			dependencies = (
			);
			name = FetchApi;
			productName = FetchApi;
			productReference = 378EB95929646A4400E35DDA /* FetchApi.app */;
			productType = "com.apple.product-type.application";
		};
/* End PBXNativeTarget section */

/* Begin PBXProject section */
		378EB95129646A4400E35DDA /* Project object */ = {
			isa = PBXProject;
			attributes = {
				BuildIndependentTargetsInParallel = 1;
				LastSwiftUpdateCheck = 1420;
				LastUpgradeCheck = 1420;
				TargetAttributes = {
					378EB95829646A4400E35DDA = {
						CreatedOnToolsVersion = 14.2;
					};
				};
			};
			buildConfigurationList = 378EB95429646A4400E35DDA /* Build configuration list for PBXProject "FetchApi" */;
			compatibilityVersion = "Xcode 14.0";
			developmentRegion = en;
			hasScannedForEncodings = 0;
			knownRegions = (
				en,
				Base,
			);
			mainGroup = 378EB95029646A4400E35DDA;
			productRefGroup = 378EB95A29646A4400E35DDA /* Products */;
			projectDirPath = "";
			projectRoot = "";
			targets = (
				378EB95829646A4400E35DDA /* FetchApi */,
			);
		};
/* End PBXProject section */

/* Begin PBXResourcesBuildPhase section */
		378EB95729646A4400E35DDA /* Resources */ = {
			isa = PBXResourcesBuildPhase;
			buildActionMask = 2147483647;
			files = (
				378EB96429646A4500E35DDA /* Preview Assets.xcassets in Resources */,
				378EB96129646A4500E35DDA /* Assets.xcassets in Resources */,
			);
			runOnlyForDeploymentPostprocessing = 0;
		};
/* End PBXResourcesBuildPhase section */

/* Begin PBXSourcesBuildPhase section */
		378EB95529646A4400E35DDA /* Sources */ = {
			isa = PBXSourcesBuildPhase;
			buildActionMask = 2147483647;
			files = (
				378EB96E29646AD700E35DDA /* PhotoModel.swift in Sources */,
				378EB9742964730300E35DDA /* AlbumDetailsView.swift in Sources */,
				378EB97029646BF700E35DDA /* PhotoViewModel.swift in Sources */,
				378EB95F29646A4400E35DDA /* ContentView.swift in Sources */,
				378EB95D29646A4400E35DDA /* FetchApiApp.swift in Sources */,
			);
			runOnlyForDeploymentPostprocessing = 0;
		};
/* End PBXSourcesBuildPhase section */

/* Begin XCBuildConfiguration section */
		378EB96529646A4500E35DDA /* Debug */ = {
			isa = XCBuildConfiguration;
			buildSettings = {
				ALWAYS_SEARCH_USER_PATHS = NO;
				CLANG_ANALYZER_NONNULL = YES;
				CLANG_ANALYZER_NUMBER_OBJECT_CONVERSION = YES_AGGRESSIVE;
				CLANG_CXX_LANGUAGE_STANDARD = "gnu++20";
				CLANG_ENABLE_MODULES = YES;
				CLANG_ENABLE_OBJC_ARC = YES;
				CLANG_ENABLE_OBJC_WEAK = YES;
				CLANG_WARN_BLOCK_CAPTURE_AUTORELEASING = YES;
				CLANG_WARN_BOOL_CONVERSION = YES;
				CLANG_WARN_COMMA = YES;
				CLANG_WARN_CONSTANT_CONVERSION = YES;
				CLANG_WARN_DEPRECATED_OBJC_IMPLEMENTATIONS = YES;
				CLANG_WARN_DIRECT_OBJC_ISA_USAGE = YES_ERROR;
				CLANG_WARN_DOCUMENTATION_COMMENTS = YES;
				CLANG_WARN_EMPTY_BODY = YES;
				CLANG_WARN_ENUM_CONVERSION = YES;
				CLANG_WARN_INFINITE_RECURSION = YES;
				CLANG_WARN_INT_CONVERSION = YES;
				CLANG_WARN_NON_LITERAL_NULL_CONVERSION = YES;
				CLANG_WARN_OBJC_IMPLICIT_RETAIN_SELF = YES;
				CLANG_WARN_OBJC_LITERAL_CONVERSION = YES;
				CLANG_WARN_OBJC_ROOT_CLASS = YES_ERROR;
				CLANG_WARN_QUOTED_INCLUDE_IN_FRAMEWORK_HEADER = YES;
				CLANG_WARN_RANGE_LOOP_ANALYSIS = YES;
				CLANG_WARN_STRICT_PROTOTYPES = YES;
				CLANG_WARN_SUSPICIOUS_MOVE = YES;
				CLANG_WARN_UNGUARDED_AVAILABILITY = YES_AGGRESSIVE;
				CLANG_WARN_UNREACHABLE_CODE = YES;
				CLANG_WARN__DUPLICATE_METHOD_MATCH = YES;
				COPY_PHASE_STRIP = NO;
				DEBUG_INFORMATION_FORMAT = dwarf;
				ENABLE_STRICT_OBJC_MSGSEND = YES;
				ENABLE_TESTABILITY = YES;
				GCC_C_LANGUAGE_STANDARD = gnu11;
				GCC_DYNAMIC_NO_PIC = NO;
				GCC_NO_COMMON_BLOCKS = YES;
				GCC_OPTIMIZATION_LEVEL = 0;
				GCC_PREPROCESSOR_DEFINITIONS = (
					"DEBUG=1",
					"$(inherited)",
				);
				GCC_WARN_64_TO_32_BIT_CONVERSION = YES;
				GCC_WARN_ABOUT_RETURN_TYPE = YES_ERROR;
				GCC_WARN_UNDECLARED_SELECTOR = YES;
				GCC_WARN_UNINITIALIZED_AUTOS = YES_AGGRESSIVE;
				GCC_WARN_UNUSED_FUNCTION = YES;
				GCC_WARN_UNUSED_VARIABLE = YES;
				IPHONEOS_DEPLOYMENT_TARGET = 16.2;
				MTL_ENABLE_DEBUG_INFO = INCLUDE_SOURCE;
				MTL_FAST_MATH = YES;
				ONLY_ACTIVE_ARCH = YES;
				SDKROOT = iphoneos;
				SWIFT_ACTIVE_COMPILATION_CONDITIONS = DEBUG;
				SWIFT_OPTIMIZATION_LEVEL = "-Onone";
			};
			name = Debug;
		};
		378EB96629646A4500E35DDA /* Release */ = {
			isa = XCBuildConfiguration;
			buildSettings = {
				ALWAYS_SEARCH_USER_PATHS = NO;
				CLANG_ANALYZER_NONNULL = YES;
				CLANG_ANALYZER_NUMBER_OBJECT_CONVERSION = YES_AGGRESSIVE;
				CLANG_CXX_LANGUAGE_STANDARD = "gnu++20";
				CLANG_ENABLE_MODULES = YES;
				CLANG_ENABLE_OBJC_ARC = YES;
				CLANG_ENABLE_OBJC_WEAK = YES;
				CLANG_WARN_BLOCK_CAPTURE_AUTORELEASING = YES;
				CLANG_WARN_BOOL_CONVERSION = YES;
				CLANG_WARN_COMMA = YES;
				CLANG_WARN_CONSTANT_CONVERSION = YES;
				CLANG_WARN_DEPRECATED_OBJC_IMPLEMENTATIONS = YES;
				CLANG_WARN_DIRECT_OBJC_ISA_USAGE = YES_ERROR;
				CLANG_WARN_DOCUMENTATION_COMMENTS = YES;
				CLANG_WARN_EMPTY_BODY = YES;
				CLANG_WARN_ENUM_CONVERSION = YES;
				CLANG_WARN_INFINITE_RECURSION = YES;
				CLANG_WARN_INT_CONVERSION = YES;
				CLANG_WARN_NON_LITERAL_NULL_CONVERSION = YES;
				CLANG_WARN_OBJC_IMPLICIT_RETAIN_SELF = YES;
				CLANG_WARN_OBJC_LITERAL_CONVERSION = YES;
				CLANG_WARN_OBJC_ROOT_CLASS = YES_ERROR;
				CLANG_WARN_QUOTED_INCLUDE_IN_FRAMEWORK_HEADER = YES;
				CLANG_WARN_RANGE_LOOP_ANALYSIS = YES;
				CLANG_WARN_STRICT_PROTOTYPES = YES;
				CLANG_WARN_SUSPICIOUS_MOVE = YES;
				CLANG_WARN_UNGUARDED_AVAILABILITY = YES_AGGRESSIVE;
				CLANG_WARN_UNREACHABLE_CODE = YES;
				CLANG_WARN__DUPLICATE_METHOD_MATCH = YES;
				COPY_PHASE_STRIP = NO;
				DEBUG_INFORMATION_FORMAT = "dwarf-with-dsym";
				ENABLE_NS_ASSERTIONS = NO;
				ENABLE_STRICT_OBJC_MSGSEND = YES;
				GCC_C_LANGUAGE_STANDARD = gnu11;
				GCC_NO_COMMON_BLOCKS = YES;
				GCC_WARN_64_TO_32_BIT_CONVERSION = YES;
				GCC_WARN_ABOUT_RETURN_TYPE = YES_ERROR;
				GCC_WARN_UNDECLARED_SELECTOR = YES;
				GCC_WARN_UNINITIALIZED_AUTOS = YES_AGGRESSIVE;
				GCC_WARN_UNUSED_FUNCTION = YES;
				GCC_WARN_UNUSED_VARIABLE = YES;
				IPHONEOS_DEPLOYMENT_TARGET = 16.2;
				MTL_ENABLE_DEBUG_INFO = NO;
				MTL_FAST_MATH = YES;
				SDKROOT = iphoneos;
				SWIFT_COMPILATION_MODE = wholemodule;
				SWIFT_OPTIMIZATION_LEVEL = "-O";
				VALIDATE_PRODUCT = YES;
			};
			name = Release;
		};
		378EB96829646A4500E35DDA /* Debug */ = {
			isa = XCBuildConfiguration;
			buildSettings = {
				ASSETCATALOG_COMPILER_APPICON_NAME = AppIcon;
				ASSETCATALOG_COMPILER_GLOBAL_ACCENT_COLOR_NAME = AccentColor;
				CODE_SIGN_STYLE = Automatic;
				CURRENT_PROJECT_VERSION = 1;
				DEVELOPMENT_ASSET_PATHS = "\"FetchApi/Preview Content\"";
				DEVELOPMENT_TEAM = KFFBWYP8H7;
				ENABLE_PREVIEWS = YES;
				GENERATE_INFOPLIST_FILE = YES;
				INFOPLIST_KEY_UIApplicationSceneManifest_Generation = YES;
				INFOPLIST_KEY_UIApplicationSupportsIndirectInputEvents = YES;
				INFOPLIST_KEY_UILaunchScreen_Generation = YES;
				INFOPLIST_KEY_UISupportedInterfaceOrientations_iPad = "UIInterfaceOrientationPortrait UIInterfaceOrientationPortraitUpsideDown UIInterfaceOrientationLandscapeLeft UIInterfaceOrientationLandscapeRight";
				INFOPLIST_KEY_UISupportedInterfaceOrientations_iPhone = "UIInterfaceOrientationPortrait UIInterfaceOrientationLandscapeLeft UIInterfaceOrientationLandscapeRight";
				LD_RUNPATH_SEARCH_PATHS = (
					"$(inherited)",
					"@executable_path/Frameworks",
				);
				MARKETING_VERSION = 1.0;
				PRODUCT_BUNDLE_IDENTIFIER = com.pierricM380.FetchApi;
				PRODUCT_NAME = "$(TARGET_NAME)";
				SWIFT_EMIT_LOC_STRINGS = YES;
				SWIFT_VERSION = 5.0;
				TARGETED_DEVICE_FAMILY = "1,2";
			};
			name = Debug;
		};
		378EB96929646A4500E35DDA /* Release */ = {
			isa = XCBuildConfiguration;
			buildSettings = {
				ASSETCATALOG_COMPILER_APPICON_NAME = AppIcon;
				ASSETCATALOG_COMPILER_GLOBAL_ACCENT_COLOR_NAME = AccentColor;
				CODE_SIGN_STYLE = Automatic;
				CURRENT_PROJECT_VERSION = 1;
				DEVELOPMENT_ASSET_PATHS = "\"FetchApi/Preview Content\"";
				DEVELOPMENT_TEAM = KFFBWYP8H7;
				ENABLE_PREVIEWS = YES;
				GENERATE_INFOPLIST_FILE = YES;
				INFOPLIST_KEY_UIApplicationSceneManifest_Generation = YES;
				INFOPLIST_KEY_UIApplicationSupportsIndirectInputEvents = YES;
				INFOPLIST_KEY_UILaunchScreen_Generation = YES;
				INFOPLIST_KEY_UISupportedInterfaceOrientations_iPad = "UIInterfaceOrientationPortrait UIInterfaceOrientationPortraitUpsideDown UIInterfaceOrientationLandscapeLeft UIInterfaceOrientationLandscapeRight";
				INFOPLIST_KEY_UISupportedInterfaceOrientations_iPhone = "UIInterfaceOrientationPortrait UIInterfaceOrientationLandscapeLeft UIInterfaceOrientationLandscapeRight";
				LD_RUNPATH_SEARCH_PATHS = (
					"$(inherited)",
					"@executable_path/Frameworks",
				);
				MARKETING_VERSION = 1.0;
				PRODUCT_BUNDLE_IDENTIFIER = com.pierricM380.FetchApi;
				PRODUCT_NAME = "$(TARGET_NAME)";
				SWIFT_EMIT_LOC_STRINGS = YES;
				SWIFT_VERSION = 5.0;
				TARGETED_DEVICE_FAMILY = "1,2";
			};
			name = Release;
		};
/* End XCBuildConfiguration section */

/* Begin XCConfigurationList section */
		378EB95429646A4400E35DDA /* Build configuration list for PBXProject "FetchApi" */ = {
			isa = XCConfigurationList;
			buildConfigurations = (
				378EB96529646A4500E35DDA /* Debug */,
				378EB96629646A4500E35DDA /* Release */,
			);
			defaultConfigurationIsVisible = 0;
			defaultConfigurationName = Release;
		};
		378EB96729646A4500E35DDA /* Build configuration list for PBXNativeTarget "FetchApi" */ = {
			isa = XCConfigurationList;
			buildConfigurations = (
				378EB96829646A4500E35DDA /* Debug */,
				378EB96929646A4500E35DDA /* Release */,
			);
			defaultConfigurationIsVisible = 0;
			defaultConfigurationName = Release;
		};
/* End XCConfigurationList section */
	};
	rootObject = 378EB95129646A4400E35DDA /* Project object */;
}
